
Microsoft Visual Studio Solution File, Format Version 12.00
# Visual Studio 15
VisualStudioVersion = 15.0.27130.2024
MinimumVisualStudioVersion = 10.0.40219.1
Project("{FAE04EC0-301F-11D3-BF4B-00C04F79EFBC}") = "ComicBookGalleryModel", "ComicBookGalleryModel\ComicBookGalleryModel.csproj", "{98FEECD4-F1A4-4886-AF30-D26A384E1DA7}"
EndProject
Global
	GlobalSection(SolutionConfigurationPlatforms) = preSolution
		Debug|Any CPU = Debug|Any CPU
		Release|Any CPU = Release|Any CPU
	EndGlobalSection
	GlobalSection(ProjectConfigurationPlatforms) = postSolution
		{98FEECD4-F1A4-4886-AF30-D26A384E1DA7}.Debug|Any CPU.ActiveCfg = Debug|Any CPU
		{98FEECD4-F1A4-4886-AF30-D26A384E1DA7}.Debug|Any CPU.Build.0 = Debug|Any CPU
		{98FEECD4-F1A4-4886-AF30-D26A384E1DA7}.Release|Any CPU.ActiveCfg = Release|Any CPU
		{98FEECD4-F1A4-4886-AF30-D26A384E1DA7}.Release|Any CPU.Build.0 = Release|Any CPU
	EndGlobalSection
	GlobalSection(SolutionProperties) = preSolution
		HideSolutionNode = FALSE
	EndGlobalSection
	GlobalSection(ExtensibilityGlobals) = postSolution
		SolutionGuid = {9E85F3A3-2D4A-4515-86C4-C6DD578033E5}
	EndGlobalSection
EndGlobal
